
Microsoft Visual Studio Solution File, Format Version 12.00
# Visual Studio Version 16
VisualStudioVersion = 16.0.29519.181
MinimumVisualStudioVersion = 10.0.40219.1
Project("{FAE04EC0-301F-11D3-BF4B-00C04F79EFBC}") = "Task7_1", "Task7\Task7_1.csproj", "{8B272C01-C877-4043-ABDC-FD085438AE00}"
EndProject
Project("{FAE04EC0-301F-11D3-BF4B-00C04F79EFBC}") = "Task7_2", "Task7_2\Task7_2.csproj", "{D167B275-597F-47E8-8D04-F8CDFD644F8C}"
EndProject
Project("{FAE04EC0-301F-11D3-BF4B-00C04F79EFBC}") = "Task7_3", "Task7_3\Task7_3.csproj", "{D9FD8083-C6BF-469F-A339-70B2E444D82E}"
EndProject
Project("{FAE04EC0-301F-11D3-BF4B-00C04F79EFBC}") = "Task7_4", "Task7_4\Task7_4.csproj", "{D8A74003-1E93-4D2B-AD69-A30DC1D14447}"
EndProject
Project("{FAE04EC0-301F-11D3-BF4B-00C04F79EFBC}") = "Task7_5", "Task7_5\Task7_5.csproj", "{7B2379A9-473A-4880-8A73-0C3ABE11FC7A}"
EndProject
Global
	GlobalSection(SolutionConfigurationPlatforms) = preSolution
		Debug|Any CPU = Debug|Any CPU
		Release|Any CPU = Release|Any CPU
	EndGlobalSection
	GlobalSection(ProjectConfigurationPlatforms) = postSolution
		{8B272C01-C877-4043-ABDC-FD085438AE00}.Debug|Any CPU.ActiveCfg = Debug|Any CPU
		{8B272C01-C877-4043-ABDC-FD085438AE00}.Debug|Any CPU.Build.0 = Debug|Any CPU
		{8B272C01-C877-4043-ABDC-FD085438AE00}.Release|Any CPU.ActiveCfg = Release|Any CPU
		{8B272C01-C877-4043-ABDC-FD085438AE00}.Release|Any CPU.Build.0 = Release|Any CPU
		{D167B275-597F-47E8-8D04-F8CDFD644F8C}.Debug|Any CPU.ActiveCfg = Debug|Any CPU
		{D167B275-597F-47E8-8D04-F8CDFD644F8C}.Debug|Any CPU.Build.0 = Debug|Any CPU
		{D167B275-597F-47E8-8D04-F8CDFD644F8C}.Release|Any CPU.ActiveCfg = Release|Any CPU
		{D167B275-597F-47E8-8D04-F8CDFD644F8C}.Release|Any CPU.Build.0 = Release|Any CPU
		{D9FD8083-C6BF-469F-A339-70B2E444D82E}.Debug|Any CPU.ActiveCfg = Debug|Any CPU
		{D9FD8083-C6BF-469F-A339-70B2E444D82E}.Debug|Any CPU.Build.0 = Debug|Any CPU
		{D9FD8083-C6BF-469F-A339-70B2E444D82E}.Release|Any CPU.ActiveCfg = Release|Any CPU
		{D9FD8083-C6BF-469F-A339-70B2E444D82E}.Release|Any CPU.Build.0 = Release|Any CPU
		{D8A74003-1E93-4D2B-AD69-A30DC1D14447}.Debug|Any CPU.ActiveCfg = Debug|Any CPU
		{D8A74003-1E93-4D2B-AD69-A30DC1D14447}.Debug|Any CPU.Build.0 = Debug|Any CPU
		{D8A74003-1E93-4D2B-AD69-A30DC1D14447}.Release|Any CPU.ActiveCfg = Release|Any CPU
		{D8A74003-1E93-4D2B-AD69-A30DC1D14447}.Release|Any CPU.Build.0 = Release|Any CPU
		{7B2379A9-473A-4880-8A73-0C3ABE11FC7A}.Debug|Any CPU.ActiveCfg = Debug|Any CPU
		{7B2379A9-473A-4880-8A73-0C3ABE11FC7A}.Debug|Any CPU.Build.0 = Debug|Any CPU
		{7B2379A9-473A-4880-8A73-0C3ABE11FC7A}.Release|Any CPU.ActiveCfg = Release|Any CPU
		{7B2379A9-473A-4880-8A73-0C3ABE11FC7A}.Release|Any CPU.Build.0 = Release|Any CPU
	EndGlobalSection
	GlobalSection(SolutionProperties) = preSolution
		HideSolutionNode = FALSE
	EndGlobalSection
	GlobalSection(ExtensibilityGlobals) = postSolution
		SolutionGuid = {90C3D7BE-4230-45A8-A6B8-59DF45FEEEF4}
	EndGlobalSection
EndGlobal
