
Microsoft Visual Studio Solution File, Format Version 12.00
# Visual Studio 15
VisualStudioVersion = 15.0.28306.52
MinimumVisualStudioVersion = 10.0.40219.1
Project("{FAE04EC0-301F-11D3-BF4B-00C04F79EFBC}") = "Task2_1", "Task2OOP\Task2_1.csproj", "{C9EC64CF-60D1-4159-B080-BEEC26429FE2}"
EndProject
Project("{FAE04EC0-301F-11D3-BF4B-00C04F79EFBC}") = "Task2_2", "Task2_2\Task2_2.csproj", "{04AAD3D5-9F09-48B6-BD7B-5194532810E6}"
EndProject
Project("{FAE04EC0-301F-11D3-BF4B-00C04F79EFBC}") = "Task2_3", "Task2_3\Task2_3.csproj", "{D194B9F0-6F85-46A6-B208-BD26A27965AE}"
EndProject
Project("{FAE04EC0-301F-11D3-BF4B-00C04F79EFBC}") = "Task2_4", "Task2_4\Task2_4.csproj", "{21EC10CA-F175-44D9-9359-C5ADB7709A9D}"
EndProject
Project("{FAE04EC0-301F-11D3-BF4B-00C04F79EFBC}") = "Task2_5", "Task2_5\Task2_5.csproj", "{0BC02D2E-467B-455F-87A1-6DB7BDCED218}"
EndProject
Project("{FAE04EC0-301F-11D3-BF4B-00C04F79EFBC}") = "Task2_6", "Task2_6\Task2_6.csproj", "{1D6320BE-6222-4EE7-A51D-D1149681D023}"
EndProject
Project("{FAE04EC0-301F-11D3-BF4B-00C04F79EFBC}") = "Task2_7", "Task2_7\Task2_7.csproj", "{1073AF87-0E99-4D42-A5F6-E5D32CC172BE}"
EndProject
Global
	GlobalSection(SolutionConfigurationPlatforms) = preSolution
		Debug|Any CPU = Debug|Any CPU
		Release|Any CPU = Release|Any CPU
	EndGlobalSection
	GlobalSection(ProjectConfigurationPlatforms) = postSolution
		{C9EC64CF-60D1-4159-B080-BEEC26429FE2}.Debug|Any CPU.ActiveCfg = Debug|Any CPU
		{C9EC64CF-60D1-4159-B080-BEEC26429FE2}.Debug|Any CPU.Build.0 = Debug|Any CPU
		{C9EC64CF-60D1-4159-B080-BEEC26429FE2}.Release|Any CPU.ActiveCfg = Release|Any CPU
		{C9EC64CF-60D1-4159-B080-BEEC26429FE2}.Release|Any CPU.Build.0 = Release|Any CPU
		{04AAD3D5-9F09-48B6-BD7B-5194532810E6}.Debug|Any CPU.ActiveCfg = Debug|Any CPU
		{04AAD3D5-9F09-48B6-BD7B-5194532810E6}.Debug|Any CPU.Build.0 = Debug|Any CPU
		{04AAD3D5-9F09-48B6-BD7B-5194532810E6}.Release|Any CPU.ActiveCfg = Release|Any CPU
		{04AAD3D5-9F09-48B6-BD7B-5194532810E6}.Release|Any CPU.Build.0 = Release|Any CPU
		{D194B9F0-6F85-46A6-B208-BD26A27965AE}.Debug|Any CPU.ActiveCfg = Debug|Any CPU
		{D194B9F0-6F85-46A6-B208-BD26A27965AE}.Debug|Any CPU.Build.0 = Debug|Any CPU
		{D194B9F0-6F85-46A6-B208-BD26A27965AE}.Release|Any CPU.ActiveCfg = Release|Any CPU
		{D194B9F0-6F85-46A6-B208-BD26A27965AE}.Release|Any CPU.Build.0 = Release|Any CPU
		{21EC10CA-F175-44D9-9359-C5ADB7709A9D}.Debug|Any CPU.ActiveCfg = Debug|Any CPU
		{21EC10CA-F175-44D9-9359-C5ADB7709A9D}.Debug|Any CPU.Build.0 = Debug|Any CPU
		{21EC10CA-F175-44D9-9359-C5ADB7709A9D}.Release|Any CPU.ActiveCfg = Release|Any CPU
		{21EC10CA-F175-44D9-9359-C5ADB7709A9D}.Release|Any CPU.Build.0 = Release|Any CPU
		{0BC02D2E-467B-455F-87A1-6DB7BDCED218}.Debug|Any CPU.ActiveCfg = Debug|Any CPU
		{0BC02D2E-467B-455F-87A1-6DB7BDCED218}.Debug|Any CPU.Build.0 = Debug|Any CPU
		{0BC02D2E-467B-455F-87A1-6DB7BDCED218}.Release|Any CPU.ActiveCfg = Release|Any CPU
		{0BC02D2E-467B-455F-87A1-6DB7BDCED218}.Release|Any CPU.Build.0 = Release|Any CPU
		{1D6320BE-6222-4EE7-A51D-D1149681D023}.Debug|Any CPU.ActiveCfg = Debug|Any CPU
		{1D6320BE-6222-4EE7-A51D-D1149681D023}.Debug|Any CPU.Build.0 = Debug|Any CPU
		{1D6320BE-6222-4EE7-A51D-D1149681D023}.Release|Any CPU.ActiveCfg = Release|Any CPU
		{1D6320BE-6222-4EE7-A51D-D1149681D023}.Release|Any CPU.Build.0 = Release|Any CPU
		{1073AF87-0E99-4D42-A5F6-E5D32CC172BE}.Debug|Any CPU.ActiveCfg = Debug|Any CPU
		{1073AF87-0E99-4D42-A5F6-E5D32CC172BE}.Debug|Any CPU.Build.0 = Debug|Any CPU
		{1073AF87-0E99-4D42-A5F6-E5D32CC172BE}.Release|Any CPU.ActiveCfg = Release|Any CPU
		{1073AF87-0E99-4D42-A5F6-E5D32CC172BE}.Release|Any CPU.Build.0 = Release|Any CPU
	EndGlobalSection
	GlobalSection(SolutionProperties) = preSolution
		HideSolutionNode = FALSE
	EndGlobalSection
	GlobalSection(ExtensibilityGlobals) = postSolution
		SolutionGuid = {A00085D3-CF13-4D81-95F4-756E2EF055E1}
	EndGlobalSection
EndGlobal
