
Microsoft Visual Studio Solution File, Format Version 12.00
# Visual Studio 15
VisualStudioVersion = 15.0.28306.52
MinimumVisualStudioVersion = 10.0.40219.1
Project("{FAE04EC0-301F-11D3-BF4B-00C04F79EFBC}") = "Task01", "SergeyGoevTask00Intro\Task01.csproj", "{3CD1057B-4F05-4791-B2DA-EA5AF41D8205}"
EndProject
Project("{FAE04EC0-301F-11D3-BF4B-00C04F79EFBC}") = "Task02", "Task02\Task02.csproj", "{2628ED53-FDE0-4055-9A3E-1F892C6AC2A6}"
EndProject
Project("{FAE04EC0-301F-11D3-BF4B-00C04F79EFBC}") = "Task03", "Task03\Task03.csproj", "{EA8E9C9E-BC99-417C-938A-44D9452E021C}"
EndProject
Project("{FAE04EC0-301F-11D3-BF4B-00C04F79EFBC}") = "Task04_05", "Task04_05\Task04_05.csproj", "{1727F518-7BFF-44D6-AFBA-8608CAED6985}"
EndProject
Global
	GlobalSection(SolutionConfigurationPlatforms) = preSolution
		Debug|Any CPU = Debug|Any CPU
		Release|Any CPU = Release|Any CPU
	EndGlobalSection
	GlobalSection(ProjectConfigurationPlatforms) = postSolution
		{3CD1057B-4F05-4791-B2DA-EA5AF41D8205}.Debug|Any CPU.ActiveCfg = Debug|Any CPU
		{3CD1057B-4F05-4791-B2DA-EA5AF41D8205}.Debug|Any CPU.Build.0 = Debug|Any CPU
		{3CD1057B-4F05-4791-B2DA-EA5AF41D8205}.Release|Any CPU.ActiveCfg = Release|Any CPU
		{3CD1057B-4F05-4791-B2DA-EA5AF41D8205}.Release|Any CPU.Build.0 = Release|Any CPU
		{2628ED53-FDE0-4055-9A3E-1F892C6AC2A6}.Debug|Any CPU.ActiveCfg = Debug|Any CPU
		{2628ED53-FDE0-4055-9A3E-1F892C6AC2A6}.Debug|Any CPU.Build.0 = Debug|Any CPU
		{2628ED53-FDE0-4055-9A3E-1F892C6AC2A6}.Release|Any CPU.ActiveCfg = Release|Any CPU
		{2628ED53-FDE0-4055-9A3E-1F892C6AC2A6}.Release|Any CPU.Build.0 = Release|Any CPU
		{EA8E9C9E-BC99-417C-938A-44D9452E021C}.Debug|Any CPU.ActiveCfg = Debug|Any CPU
		{EA8E9C9E-BC99-417C-938A-44D9452E021C}.Debug|Any CPU.Build.0 = Debug|Any CPU
		{EA8E9C9E-BC99-417C-938A-44D9452E021C}.Release|Any CPU.ActiveCfg = Release|Any CPU
		{EA8E9C9E-BC99-417C-938A-44D9452E021C}.Release|Any CPU.Build.0 = Release|Any CPU
		{1727F518-7BFF-44D6-AFBA-8608CAED6985}.Debug|Any CPU.ActiveCfg = Debug|Any CPU
		{1727F518-7BFF-44D6-AFBA-8608CAED6985}.Debug|Any CPU.Build.0 = Debug|Any CPU
		{1727F518-7BFF-44D6-AFBA-8608CAED6985}.Release|Any CPU.ActiveCfg = Release|Any CPU
		{1727F518-7BFF-44D6-AFBA-8608CAED6985}.Release|Any CPU.Build.0 = Release|Any CPU
	EndGlobalSection
	GlobalSection(SolutionProperties) = preSolution
		HideSolutionNode = FALSE
	EndGlobalSection
	GlobalSection(ExtensibilityGlobals) = postSolution
		SolutionGuid = {604939F9-122C-49A8-82C3-D8876DC76FB9}
	EndGlobalSection
EndGlobal
